github.com/compression-algorithm-research-lab/go-bit-buffer v0.0.0-20231024124420-81e5a0251c64 h1:5+McrsB0l86CdP7rfjMeetAUvZQ0K6PEkzg3X6G5Te8=
github.com/compression-algorithm-research-lab/go-bit-buffer v0.0.0-20231024124420-81e5a0251c64/go.mod h1:N19pyz4iFrOTVHQ/NhNRNJulaG1FV+lHA/Gb+KJ2Jsg=
github.com/compression-algorithm-research-lab/go-bit-buffer v0.0.0-20231024130103-ebefa1b85e2d h1:ED4GuiHhrMk74E8AMQPOLvFECUXbwBd4yh9qxAPoM/I=
github.com/compression-algorithm-research-lab/go-bit-buffer v0.0.0-20231024130103-ebefa1b85e2d/go.mod h1:N19pyz4iFrOTVHQ/NhNRNJulaG1FV+lHA/Gb+KJ2Jsg=
github.com/compression-algorithm-research-lab/go-bit-buffer v0.0.0-20231024145723-e6a2ab4a8de4 h1:WH0gCC0ylKHOye23uZ9Pj5STo9nvadRkxE3b/kCctpI=
github.com/compression-algorithm-research-lab/go-bit-buffer v0.0.0-20231024145723-e6a2ab4a8de4/go.mod h1:N19pyz4iFrOTVHQ/NhNRNJulaG1FV+lHA/Gb+KJ2Jsg=
github.com/davecgh/go-spew v1.1.0/go.mod h1:J7Y8YcW2NihsgmVo/mv3lAwl/skON4iLHjSsI+c5H38=
github.com/davecgh/go-spew v1.1.1 h1:vj9j/u1bqnvCEfJOwUhtlOARqs3+rkHYY13jYWTU97c=
github.com/davecgh/go-spew v1.1.1/go.mod h1:J7Y8YcW2NihsgmVo/mv3lAwl/skON4iLHjSsI+c5H38=
github.com/golang-infrastructure/go-gtypes v0.0.1 h1:hnM1OYSwLPLGkZ4C6ecAxgmAUaPTjnhnUtRNmJj4p6c=
github.com/golang-infrastructure/go-gtypes v0.0.1/go.mod h1:vFMCxFzxdMInvTtgLZRlWI1rS+mui88sMbL5I+zu1hg=
github.com/golang-infrastructure/go-reflect-utils v0.0.0-20221130143747-965ef2eb09c3 h1:jJ7AdpNdLQudsx1hiXY9iwmauHARV4/UB52KnBh9Se0=
github.com/golang-infrastructure/go-reflect-utils v0.0.0-20221130143747-965ef2eb09c3/go.mod h1:zqXYxqOBa1mL2ilBK6PuH/Wb/Iego7en6XhiKWdZQHI=
github.com/golang-infrastructure/go-tuple v0.0.0-20221215155811-4ed54fe7d579 h1:pQV2/ichhyLoR3aJSNXByuxtdPM2y229Rq5x9DGl5OU=
github.com/golang-infrastructure/go-tuple v0.0.0-20221215155811-4ed54fe7d579/go.mod h1:cn8fHK0Sjxh7nSrnNpRa9wi1wIsmBLsjOip4LTjQz+Q=
github.com/pmezard/go-difflib v1.0.0 h1:4DBwDE0NGyQoBHbLQYPwSUPoCMWR5BEzIk/f1lZbAQM=
github.com/pmezard/go-difflib v1.0.0/go.mod h1:iKH77koFhYxTK1pcRnkKkqfTogsbg7gZNVY4sRDYZ/4=
github.com/stretchr/objx v0.1.0/go.mod h1:HFkY916IF+rwdDfMAkV7OtwuqBVzrE8GR6GFx+wExME=
github.com/stretchr/objx v0.4.0/go.mod h1:YvHI0jy2hoMjB+UWwv71VJQ9isScKT/TqJzVSSt89Yw=
github.com/stretchr/objx v0.5.0/go.mod h1:Yh+to48EsGEfYuaHDzXPcE3xhTkx73EhmCGUpEOglKo=
github.com/stretchr/objx v0.5.1 h1:4VhoImhV/Bm0ToFkXFi8hXNXwpDRZ/ynw3amt82mzq0=
github.com/stretchr/objx v0.5.1/go.mod h1:/iHQpkQwBD6DLUmQ4pE+s1TXdob1mORJ4/UFdrifcy0=
github.com/stretchr/testify v1.7.1/go.mod h1:6Fq8oRcR53rry900zMqJjRRixrwX3KX962/h/Wwjteg=
github.com/stretchr/testify v1.8.0/go.mod h1:yNjHg4UonilssWZ8iaSj1OCr/vHnekPRkoO+kdMU+MU=
github.com/stretchr/testify v1.8.2/go.mod h1:w2LPCIKwWwSfY2zedu0+kehJoqGctiVI29o6fzry7u4=
github.com/stretchr/testify v1.8.4 h1:CcVxjf3Q8PM0mHUKJCdn+eZZtm5yQwehR5yeSVQQcUk=
github.com/stretchr/testify v1.8.4/go.mod h1:sz/lmYIOXD/1dqDmKjjqLyZ2RngseejIcXlSw2iwfAo=
gopkg.in/check.v1 v0.0.0-20161208181325-20d25e280405/go.mod h1:Co6ibVJAznAaIkqp8huTwlJQCZ016jof/cbN4VW5Yz0=
gopkg.in/yaml.v3 v3.0.0-20200313102051-9f266ea9e77c/go.mod h1:K4uyk7z7BCEPqu6E+C64Yfv1cQ7kz7rIZviUmN+EgEM=
gopkg.in/yaml.v3 v3.0.1 h1:fxVm/GzAzEWqLHuvctI91KS9hhNmmWOoWu0XTYJS7CA=
gopkg.in/yaml.v3 v3.0.1/go.mod h1:K4uyk7z7BCEPqu6E+C64Yfv1cQ7kz7rIZviUmN+EgEM=
